{
  "name": "alertingsystem",
  "version": "1.0.0",
  "lockfileVersion": 3,
  "requires": true,
  "packages": {
    "": {
      "name": "alertingsystem",
      "version": "1.0.0",
      "license": "ISC",
      "dependencies": {
        "@looker/sdk-node": "^24.20.0",
        "object-hash": "^3.0.0"
      },
      "devDependencies": {
        "@types/node": "^18.11.12",
        "@types/object-hash": "^3.0.1",
        "typescript": "^4.9.4"
      }
    },
    "node_modules/@looker/sdk": {
      "version": "24.20.0",
      "resolved": "https://registry.npmjs.org/@looker/sdk/-/sdk-24.20.0.tgz",
      "integrity": "sha512-9JT+a2wHBIFcV1TUVpdod8iVvKhGE38hfkVsLEpovnPms7AcNQP+7NIllAGY24+lXSwNp/LB5dR52azfz50iyg==",
      "dependencies": {
        "@looker/sdk-rtl": "21.6.3"
      },
      "engines": {
        "node": ">=12",
        "npm": ">=5.5.1"
      }
    },
    "node_modules/@looker/sdk-node": {
      "version": "24.20.0",
      "resolved": "https://registry.npmjs.org/@looker/sdk-node/-/sdk-node-24.20.0.tgz",
      "integrity": "sha512-3GiQI6/AlM/1oX7uVWa/S77Gw5xUoxEHuwt6JkRM/V24gao1Y/RwNsCOXM8xjJisKSgJ0NkkuDUhPZNc7BeruQ==",
      "dependencies": {
        "@looker/sdk": "24.20.0",
        "@looker/sdk-rtl": "21.6.3",
        "ini": "5.0.0"
      },
      "engines": {
        "node": ">=12",
        "npm": ">=5.5.1"
      }
    },
    "node_modules/@looker/sdk-rtl": {
      "version": "21.6.3",
      "resolved": "https://registry.npmjs.org/@looker/sdk-rtl/-/sdk-rtl-21.6.3.tgz",
      "integrity": "sha512-u1Bp7Am5EASQiNXPSdfiYuASZYWn1hk4FhHdgXDKXF99bJqLkcgYDzkMakecU024C6g88HcXzeu5mTg65Lux7g==",
      "engines": {
        "node": ">=12",
        "npm": ">=5.5.1"
      }
    },
    "node_modules/@types/node": {
      "version": "18.11.12",
      "resolved": "https://registry.npmjs.org/@types/node/-/node-18.11.12.tgz",
      "integrity": "sha512-FgD3NtTAKvyMmD44T07zz2fEf+OKwutgBCEVM8GcvMGVGaDktiLNTDvPwC/LUe3PinMW+X6CuLOF2Ui1mAlSXg==",
      "dev": true
    },
    "node_modules/@types/object-hash": {
      "version": "3.0.1",
      "resolved": "https://registry.npmjs.org/@types/object-hash/-/object-hash-3.0.1.tgz",
      "integrity": "sha512-AeyooJR4pesRnPLXONFEpxrdvwYVkBiq26j4Uo4QYcJO2FQhAFmHHWBfRpEzwMtItz7q9JiD50s7HDbHS7PleQ==",
      "dev": true
    },
    "node_modules/ini": {
      "version": "5.0.0",
      "resolved": "https://registry.npmjs.org/ini/-/ini-5.0.0.tgz",
      "integrity": "sha512-+N0ngpO3e7cRUWOJAS7qw0IZIVc6XPrW4MlFBdD066F2L4k1L6ker3hLqSq7iXxU5tgS4WGkIUElWn5vogAEnw==",
      "engines": {
        "node": "^18.17.0 || >=20.5.0"
      }
    },
    "node_modules/object-hash": {
      "version": "3.0.0",
      "resolved": "https://registry.npmjs.org/object-hash/-/object-hash-3.0.0.tgz",
      "integrity": "sha512-RSn9F68PjH9HqtltsSnqYC1XXoWe9Bju5+213R98cNGttag9q9yAOTzdbsqvIa7aNm5WffBZFpWYr2aWrklWAw==",
      "engines": {
        "node": ">= 6"
      }
    },
    "node_modules/typescript": {
      "version": "4.9.4",
      "resolved": "https://registry.npmjs.org/typescript/-/typescript-4.9.4.tgz",
      "integrity": "sha512-Uz+dTXYzxXXbsFpM86Wh3dKCxrQqUcVMxwU54orwlJjOpO3ao8L7j5lH+dWfTwgCwIuM9GQ2kvVotzYJMXTBZg==",
      "dev": true,
      "bin": {
        "tsc": "bin/tsc",
        "tsserver": "bin/tsserver"
      },
      "engines": {
        "node": ">=4.2.0"
      }
    }
  }
}
